
Microsoft Visual Studio Solution File, Format Version 12.00
# Visual Studio 14
VisualStudioVersion = 14.0.25420.1
MinimumVisualStudioVersion = 10.0.40219.1
Project("{2150E333-8FDC-42A3-9474-1A3956D46DE8}") = "DAL", "DAL", "{3DB2B813-EECA-40D1-A9F9-52A72B02FFC7}"
EndProject
Project("{FAE04EC0-301F-11D3-BF4B-00C04F79EFBC}") = "SportsStoreDomainLibrary2", "SportsStoreDomainLibrary2\SportsStoreDomainLibrary2.csproj", "{D071DFF8-E27C-46B6-9594-FB1B6DB11C82}"
EndProject
Project("{2150E333-8FDC-42A3-9474-1A3956D46DE8}") = "MVVM", "MVVM", "{A9BBFD61-1F44-4442-967C-626DD53CC658}"
EndProject
Project("{FAE04EC0-301F-11D3-BF4B-00C04F79EFBC}") = "BasicSportsStoreWpfApp", "BasicSportsStoreWpfApp\BasicSportsStoreWpfApp.csproj", "{84FC0E8C-2B4B-437F-8298-DD0D963D41D1}"
EndProject
Project("{FAE04EC0-301F-11D3-BF4B-00C04F79EFBC}") = "SportsStoreValidationDIWpfApp", "SportsStoreValidationDIWpfApp\SportsStoreValidationDIWpfApp.csproj", "{1522D622-1840-4E5F-A34B-6435ABC67BC4}"
EndProject
Global
	GlobalSection(SolutionConfigurationPlatforms) = preSolution
		Debug|Any CPU = Debug|Any CPU
		Release|Any CPU = Release|Any CPU
	EndGlobalSection
	GlobalSection(ProjectConfigurationPlatforms) = postSolution
		{D071DFF8-E27C-46B6-9594-FB1B6DB11C82}.Debug|Any CPU.ActiveCfg = Debug|Any CPU
		{D071DFF8-E27C-46B6-9594-FB1B6DB11C82}.Debug|Any CPU.Build.0 = Debug|Any CPU
		{D071DFF8-E27C-46B6-9594-FB1B6DB11C82}.Release|Any CPU.ActiveCfg = Release|Any CPU
		{D071DFF8-E27C-46B6-9594-FB1B6DB11C82}.Release|Any CPU.Build.0 = Release|Any CPU
		{84FC0E8C-2B4B-437F-8298-DD0D963D41D1}.Debug|Any CPU.ActiveCfg = Debug|Any CPU
		{84FC0E8C-2B4B-437F-8298-DD0D963D41D1}.Debug|Any CPU.Build.0 = Debug|Any CPU
		{84FC0E8C-2B4B-437F-8298-DD0D963D41D1}.Release|Any CPU.ActiveCfg = Release|Any CPU
		{84FC0E8C-2B4B-437F-8298-DD0D963D41D1}.Release|Any CPU.Build.0 = Release|Any CPU
		{1522D622-1840-4E5F-A34B-6435ABC67BC4}.Debug|Any CPU.ActiveCfg = Debug|Any CPU
		{1522D622-1840-4E5F-A34B-6435ABC67BC4}.Debug|Any CPU.Build.0 = Debug|Any CPU
		{1522D622-1840-4E5F-A34B-6435ABC67BC4}.Release|Any CPU.ActiveCfg = Release|Any CPU
		{1522D622-1840-4E5F-A34B-6435ABC67BC4}.Release|Any CPU.Build.0 = Release|Any CPU
	EndGlobalSection
	GlobalSection(SolutionProperties) = preSolution
		HideSolutionNode = FALSE
	EndGlobalSection
	GlobalSection(NestedProjects) = preSolution
		{D071DFF8-E27C-46B6-9594-FB1B6DB11C82} = {3DB2B813-EECA-40D1-A9F9-52A72B02FFC7}
		{84FC0E8C-2B4B-437F-8298-DD0D963D41D1} = {A9BBFD61-1F44-4442-967C-626DD53CC658}
		{1522D622-1840-4E5F-A34B-6435ABC67BC4} = {A9BBFD61-1F44-4442-967C-626DD53CC658}
	EndGlobalSection
EndGlobal
